# THIS IS AN AUTOGENERATED FILE. DO NOT EDIT THIS FILE DIRECTLY.
# yarn lockfile v1


"@prisma/client@^5.6.0":
  version "5.6.0"
  resolved "https://registry.yarnpkg.com/@prisma/client/-/client-5.6.0.tgz#1c15932250d5658fe0127e62faf4ecd96a877259"
  integrity sha512-mUDefQFa1wWqk4+JhKPYq8BdVoFk9NFMBXUI8jAkBfQTtgx8WPx02U2HB/XbAz3GSUJpeJOKJQtNvaAIDs6sug==
  dependencies:
    "@prisma/engines-version" "5.6.0-32.e95e739751f42d8ca026f6b910f5a2dc5adeaeee"

"@prisma/engines-version@5.6.0-32.e95e739751f42d8ca026f6b910f5a2dc5adeaeee":
  version "5.6.0-32.e95e739751f42d8ca026f6b910f5a2dc5adeaeee"
  resolved "https://registry.yarnpkg.com/@prisma/engines-version/-/engines-version-5.6.0-32.e95e739751f42d8ca026f6b910f5a2dc5adeaeee.tgz#57b003ab5e1ea1523b5cdd7f06b24ebcf5c7fd8c"
  integrity sha512-UoFgbV1awGL/3wXuUK3GDaX2SolqczeeJ5b4FVec9tzeGbSWJboPSbT0psSrmgYAKiKnkOPFSLlH6+b+IyOwAw==

"@prisma/engines@5.6.0":
  version "5.6.0"
  resolved "https://registry.yarnpkg.com/@prisma/engines/-/engines-5.6.0.tgz#82c445aa10633bbc0388aa2d6e411a0bd94c9439"
  integrity sha512-Mt2q+GNJpU2vFn6kif24oRSBQv1KOkYaterQsi0k2/lA+dLvhRX6Lm26gon6PYHwUM8/h8KRgXIUMU0PCLB6bw==

"@types/node@^20.10.3":
  version "20.10.3"
  resolved "https://registry.yarnpkg.com/@types/node/-/node-20.10.3.tgz#4900adcc7fc189d5af5bb41da8f543cea6962030"
  integrity sha512-XJavIpZqiXID5Yxnxv3RUDKTN5b81ddNC3ecsA0SoFXz/QU8OGBwZGMomiq0zw+uuqbL/krztv/DINAQ/EV4gg==
  dependencies:
    undici-types "~5.26.4"

prisma@^5.6.0:
  version "5.6.0"
  resolved "https://registry.yarnpkg.com/prisma/-/prisma-5.6.0.tgz#ae2c27fdfb4d53be7f7dafb50d6b8b7f55c93aa5"
  integrity sha512-EEaccku4ZGshdr2cthYHhf7iyvCcXqwJDvnoQRAJg5ge2Tzpv0e2BaMCp+CbbDUwoVTzwgOap9Zp+d4jFa2O9A==
  dependencies:
    "@prisma/engines" "5.6.0"

undici-types@~5.26.4:
  version "5.26.5"
  resolved "https://registry.yarnpkg.com/undici-types/-/undici-types-5.26.5.tgz#bcd539893d00b56e964fd2657a4866b221a65617"
  integrity sha512-JlCMO+ehdEIKqlFxk6IfVoAUVmgz7cU7zD/h9XZ0qzeosSHmUJVOzSQvvYSYWXkFXC+IfLKSIffhv0sVZup6pA==
